{
  "version": 4,
  "terraform_version": "1.8.5",
  "serial": 542,
  "lineage": "dc52c3b0-1cc0-e832-b82d-533f766e5bad",
  "outputs": {
    "endpont": {
      "value": "mysql-cluster-demo.cluster-c16suim22ljx.ap-southeast-1.rds.amazonaws.com",
      "type": "string"
    },
    "subnet": {
      "value": [
        "subnet-0070646e45c8e1d0e",
        "subnet-027c546170d0d8aaa",
        "subnet-082ebf18077dc2b69"
      ],
      "type": [
        "tuple",
        [
          "string",
          "string",
          "string"
        ]
      ]
    }
  },
  "resources": [
    {
      "module": "module.alb",
      "mode": "managed",
      "type": "aws_alb",
      "name": "my_alb",
      "provider": "provider[\"registry.terraform.io/hashicorp/aws\"]",
      "instances": [
        {
          "schema_version": 0,
          "attributes": {
            "access_logs": [
              {
                "bucket": "",
                "enabled": false,
                "prefix": ""
              }
            ],
            "arn": "arn:aws:elasticloadbalancing:ap-southeast-1:654654575882:loadbalancer/app/Atlantis-wordpress-alb/4f1e62dbe584ca2d",
            "arn_suffix": "app/Atlantis-wordpress-alb/4f1e62dbe584ca2d",
            "client_keep_alive": 3600,
            "connection_logs": [
              {
                "bucket": "",
                "enabled": false,
                "prefix": ""
              }
            ],
            "customer_owned_ipv4_pool": "",
            "desync_mitigation_mode": "defensive",
            "dns_name": "Atlantis-wordpress-alb-2000944068.ap-southeast-1.elb.amazonaws.com",
            "dns_record_client_routing_policy": null,
            "drop_invalid_header_fields": false,
            "enable_cross_zone_load_balancing": true,
            "enable_deletion_protection": false,
            "enable_http2": true,
            "enable_tls_version_and_cipher_suite_headers": false,
            "enable_waf_fail_open": false,
            "enable_xff_client_port": false,
            "enforce_security_group_inbound_rules_on_private_link_traffic": "",
            "id": "arn:aws:elasticloadbalancing:ap-southeast-1:654654575882:loadbalancer/app/Atlantis-wordpress-alb/4f1e62dbe584ca2d",
            "idle_timeout": 400,
            "internal": false,
            "ip_address_type": "ipv4",
            "load_balancer_type": "application",
            "name": "Atlantis-wordpress-alb",
            "name_prefix": "",
            "preserve_host_header": false,
            "security_groups": [
              "sg-0ce9b2485d0edb8f7"
            ],
            "subnet_mapping": [
              {
                "allocation_id": "",
                "ipv6_address": "",
                "outpost_id": "",
                "private_ipv4_address": "",
                "subnet_id": "subnet-062883663af2545ed"
              },
              {
                "allocation_id": "",
                "ipv6_address": "",
                "outpost_id": "",
                "private_ipv4_address": "",
                "subnet_id": "subnet-06a73759262aa8be3"
              },
              {
                "allocation_id": "",
                "ipv6_address": "",
                "outpost_id": "",
                "private_ipv4_address": "",
                "subnet_id": "subnet-0ca16eae66958e3d4"
              }
            ],
            "subnets": [
              "subnet-062883663af2545ed",
              "subnet-06a73759262aa8be3",
              "subnet-0ca16eae66958e3d4"
            ],
            "tags": {
              "Name": "wordprss_alb_tag"
            },
            "tags_all": {
              "Name": "wordprss_alb_tag"
            },
            "timeouts": null,
            "vpc_id": "vpc-092a65cb7c89e4f0e",
            "xff_header_processing_mode": "append",
            "zone_id": "Z1LMS91P8CMLE5"
          },
          "sensitive_attributes": [],
          "private": "eyJlMmJmYjczMC1lY2FhLTExZTYtOGY4OC0zNDM2M2JjN2M0YzAiOnsiY3JlYXRlIjo2MDAwMDAwMDAwMDAsImRlbGV0ZSI6NjAwMDAwMDAwMDAwLCJ1cGRhdGUiOjYwMDAwMDAwMDAwMH19",
          "dependencies": [
            "module.sg.aws_security_group.public_sg",
            "module.vpc.aws_subnet.tf_public_subnet",
            "module.vpc.aws_vpc.tf_vpc",
            "module.vpc.data.aws_availability_zones.available"
          ]
        }
      ]
    },
    {
      "module": "module.alb",
      "mode": "managed",
      "type": "aws_alb_listener",
      "name": "alb_listener",
      "provider": "provider[\"registry.terraform.io/hashicorp/aws\"]",
      "instances": [
        {
          "schema_version": 0,
          "attributes": {
            "alpn_policy": null,
            "arn": "arn:aws:elasticloadbalancing:ap-southeast-1:654654575882:listener/app/Atlantis-wordpress-alb/4f1e62dbe584ca2d/db4405bd7ba6b3c1",
            "certificate_arn": null,
            "default_action": [
              {
                "authenticate_cognito": [],
                "authenticate_oidc": [],
                "fixed_response": [],
                "forward": [],
                "order": 1,
                "redirect": [],
                "target_group_arn": "arn:aws:elasticloadbalancing:ap-southeast-1:654654575882:targetgroup/Atlantis-wordpress-tg/c2642515b91803ce",
                "type": "forward"
              }
            ],
            "id": "arn:aws:elasticloadbalancing:ap-southeast-1:654654575882:listener/app/Atlantis-wordpress-alb/4f1e62dbe584ca2d/db4405bd7ba6b3c1",
            "load_balancer_arn": "arn:aws:elasticloadbalancing:ap-southeast-1:654654575882:loadbalancer/app/Atlantis-wordpress-alb/4f1e62dbe584ca2d",
            "mutual_authentication": [],
            "port": 80,
            "protocol": "HTTP",
            "ssl_policy": "",
            "tags": {},
            "tags_all": {},
            "timeouts": null
          },
          "sensitive_attributes": [],
          "private": "eyJlMmJmYjczMC1lY2FhLTExZTYtOGY4OC0zNDM2M2JjN2M0YzAiOnsiY3JlYXRlIjozMDAwMDAwMDAwMDAsInVwZGF0ZSI6MzAwMDAwMDAwMDAwfX0=",
          "dependencies": [
            "module.alb.aws_alb.my_alb",
            "module.alb.aws_alb_target_group.alb_target_group",
            "module.sg.aws_security_group.public_sg",
            "module.vpc.aws_subnet.tf_public_subnet",
            "module.vpc.aws_vpc.tf_vpc",
            "module.vpc.data.aws_availability_zones.available"
          ]
        }
      ]
    },
    {
      "module": "module.alb",
      "mode": "managed",
      "type": "aws_alb_target_group",
      "name": "alb_target_group",
      "provider": "provider[\"registry.terraform.io/hashicorp/aws\"]",
      "instances": [
        {
          "schema_version": 0,
          "attributes": {
            "arn": "arn:aws:elasticloadbalancing:ap-southeast-1:654654575882:targetgroup/Atlantis-wordpress-tg/c2642515b91803ce",
            "arn_suffix": "targetgroup/Atlantis-wordpress-tg/c2642515b91803ce",
            "connection_termination": null,
            "deregistration_delay": "300",
            "health_check": [
              {
                "enabled": true,
                "healthy_threshold": 3,
                "interval": 10,
                "matcher": "200-303",
                "path": "/",
                "port": "traffic-port",
                "protocol": "HTTP",
                "timeout": 5,
                "unhealthy_threshold": 10
              }
            ],
            "id": "arn:aws:elasticloadbalancing:ap-southeast-1:654654575882:targetgroup/Atlantis-wordpress-tg/c2642515b91803ce",
            "ip_address_type": "ipv4",
            "lambda_multi_value_headers_enabled": false,
            "load_balancer_arns": [
              "arn:aws:elasticloadbalancing:ap-southeast-1:654654575882:loadbalancer/app/Atlantis-wordpress-alb/4f1e62dbe584ca2d"
            ],
            "load_balancing_algorithm_type": "round_robin",
            "load_balancing_anomaly_mitigation": "off",
            "load_balancing_cross_zone_enabled": "use_load_balancer_configuration",
            "name": "Atlantis-wordpress-tg",
            "name_prefix": "",
            "port": 80,
            "preserve_client_ip": null,
            "protocol": "HTTP",
            "protocol_version": "HTTP1",
            "proxy_protocol_v2": false,
            "slow_start": 0,
            "stickiness": [
              {
                "cookie_duration": 86400,
                "cookie_name": "",
                "enabled": false,
                "type": "lb_cookie"
              }
            ],
            "tags": {
              "Name": "wordpress_tg_tag"
            },
            "tags_all": {
              "Name": "wordpress_tg_tag"
            },
            "target_failover": [
              {
                "on_deregistration": null,
                "on_unhealthy": null
              }
            ],
            "target_health_state": [
              {
                "enable_unhealthy_connection_termination": null
              }
            ],
            "target_type": "instance",
            "vpc_id": "vpc-092a65cb7c89e4f0e"
          },
          "sensitive_attributes": [],
          "private": "bnVsbA==",
          "dependencies": [
            "module.vpc.aws_vpc.tf_vpc"
          ]
        }
      ]
    },
    {
      "module": "module.asg",
      "mode": "managed",
      "type": "aws_autoscaling_attachment",
      "name": "name",
      "provider": "provider[\"registry.terraform.io/hashicorp/aws\"]",
      "instances": [
        {
          "schema_version": 0,
          "attributes": {
            "autoscaling_group_name": "wordpress_asg",
            "elb": null,
            "id": "wordpress_asg-20240607115647168600000005",
            "lb_target_group_arn": "arn:aws:elasticloadbalancing:ap-southeast-1:654654575882:targetgroup/Atlantis-wordpress-tg/c2642515b91803ce"
          },
          "sensitive_attributes": [],
          "private": "bnVsbA==",
          "dependencies": [
            "module.alb.aws_alb_target_group.alb_target_group",
            "module.asg.aws_autoscaling_group.my_asg",
            "module.launch_template.aws_launch_template.my_launch_template",
            "module.launch_template.data.template_file.my_template",
            "module.rds.aws_db_subnet_group.db_subnet_group",
            "module.rds.aws_rds_cluster.db_cluster",
            "module.sg.aws_security_group.public_sg",
            "module.vpc.aws_subnet.tf_private_subnet",
            "module.vpc.aws_subnet.tf_public_subnet",
            "module.vpc.aws_vpc.tf_vpc",
            "module.vpc.data.aws_availability_zones.available"
          ]
        }
      ]
    },
    {
      "module": "module.asg",
      "mode": "managed",
      "type": "aws_autoscaling_group",
      "name": "my_asg",
      "provider": "provider[\"registry.terraform.io/hashicorp/aws\"]",
      "instances": [
        {
          "schema_version": 1,
          "attributes": {
            "arn": "arn:aws:autoscaling:ap-southeast-1:654654575882:autoScalingGroup:320eab49-2b16-4810-bb1b-f7e42d16f8aa:autoScalingGroupName/wordpress_asg",
            "availability_zones": [
              "ap-southeast-1a"
            ],
            "capacity_rebalance": false,
            "context": "",
            "default_cooldown": 300,
            "default_instance_warmup": 0,
            "desired_capacity": 1,
            "desired_capacity_type": "",
            "enabled_metrics": [],
            "force_delete": false,
            "force_delete_warm_pool": false,
            "health_check_grace_period": 300,
            "health_check_type": "EC2",
            "id": "wordpress_asg",
            "ignore_failed_scaling_activities": false,
            "initial_lifecycle_hook": [],
            "instance_maintenance_policy": [],
            "instance_refresh": [],
            "launch_configuration": "",
            "launch_template": [
              {
                "id": "lt-0af2c15214fbc814c",
                "name": "Atlantis-wordpress_template20240607115607763300000003",
                "version": "$Latest"
              }
            ],
            "load_balancers": [],
            "max_instance_lifetime": 0,
            "max_size": 2,
            "metrics_granularity": "1Minute",
            "min_elb_capacity": null,
            "min_size": 1,
            "mixed_instances_policy": [],
            "name": "wordpress_asg",
            "name_prefix": "",
            "placement_group": "",
            "predicted_capacity": 0,
            "protect_from_scale_in": false,
            "service_linked_role_arn": "arn:aws:iam::654654575882:role/aws-service-role/autoscaling.amazonaws.com/AWSServiceRoleForAutoScaling",
            "suspended_processes": [],
            "tag": [],
            "target_group_arns": [
              "arn:aws:elasticloadbalancing:ap-southeast-1:654654575882:targetgroup/Atlantis-wordpress-tg/c2642515b91803ce"
            ],
            "termination_policies": [],
            "timeouts": null,
            "traffic_source": [
              {
                "identifier": "arn:aws:elasticloadbalancing:ap-southeast-1:654654575882:targetgroup/Atlantis-wordpress-tg/c2642515b91803ce",
                "type": "elbv2"
              }
            ],
            "vpc_zone_identifier": [
              "subnet-0070646e45c8e1d0e"
            ],
            "wait_for_capacity_timeout": "10m",
            "wait_for_elb_capacity": null,
            "warm_pool": [],
            "warm_pool_size": 0
          },
          "sensitive_attributes": [],
          "private": "eyJlMmJmYjczMC1lY2FhLTExZTYtOGY4OC0zNDM2M2JjN2M0YzAiOnsiZGVsZXRlIjo2MDAwMDAwMDAwMDAsInVwZGF0ZSI6NjAwMDAwMDAwMDAwfSwic2NoZW1hX3ZlcnNpb24iOiIxIn0=",
          "dependencies": [
            "module.launch_template.aws_launch_template.my_launch_template",
            "module.launch_template.data.template_file.my_template",
            "module.rds.aws_db_subnet_group.db_subnet_group",
            "module.rds.aws_rds_cluster.db_cluster",
            "module.sg.aws_security_group.public_sg",
            "module.vpc.aws_subnet.tf_private_subnet",
            "module.vpc.aws_subnet.tf_public_subnet",
            "module.vpc.aws_vpc.tf_vpc",
            "module.vpc.data.aws_availability_zones.available"
          ]
        }
      ]
    },
    {
      "module": "module.asg",
      "mode": "managed",
      "type": "aws_autoscaling_policy",
      "name": "decrease_ec2",
      "provider": "provider[\"registry.terraform.io/hashicorp/aws\"]",
      "instances": [
        {
          "schema_version": 0,
          "attributes": {
            "adjustment_type": "ChangeInCapacity",
            "arn": "arn:aws:autoscaling:ap-southeast-1:654654575882:scalingPolicy:101bf819-8497-4ca5-91d8-9651b3edb350:autoScalingGroupName/wordpress_asg:policyName/increase-one-ec2",
            "autoscaling_group_name": "wordpress_asg",
            "cooldown": 0,
            "enabled": true,
            "estimated_instance_warmup": 0,
            "id": "increase-one-ec2",
            "metric_aggregation_type": "Average",
            "min_adjustment_magnitude": 0,
            "name": "increase-one-ec2",
            "policy_type": "StepScaling",
            "predictive_scaling_configuration": [],
            "scaling_adjustment": 0,
            "step_adjustment": [
              {
                "metric_interval_lower_bound": "0",
                "metric_interval_upper_bound": "",
                "scaling_adjustment": -2
              }
            ],
            "target_tracking_configuration": []
          },
          "sensitive_attributes": [],
          "private": "bnVsbA==",
          "dependencies": [
            "module.asg.aws_autoscaling_group.my_asg",
            "module.launch_template.aws_launch_template.my_launch_template",
            "module.launch_template.data.template_file.my_template",
            "module.rds.aws_db_subnet_group.db_subnet_group",
            "module.rds.aws_rds_cluster.db_cluster",
            "module.sg.aws_security_group.public_sg",
            "module.vpc.aws_subnet.tf_private_subnet",
            "module.vpc.aws_subnet.tf_public_subnet",
            "module.vpc.aws_vpc.tf_vpc",
            "module.vpc.data.aws_availability_zones.available"
          ]
        }
      ]
    },
    {
      "module": "module.asg",
      "mode": "managed",
      "type": "aws_autoscaling_policy",
      "name": "increase_ec2",
      "provider": "provider[\"registry.terraform.io/hashicorp/aws\"]",
      "instances": [
        {
          "schema_version": 0,
          "attributes": {
            "adjustment_type": "ChangeInCapacity",
            "arn": "arn:aws:autoscaling:ap-southeast-1:654654575882:scalingPolicy:101bf819-8497-4ca5-91d8-9651b3edb350:autoScalingGroupName/wordpress_asg:policyName/increase-one-ec2",
            "autoscaling_group_name": "wordpress_asg",
            "cooldown": 0,
            "enabled": true,
            "estimated_instance_warmup": 0,
            "id": "increase-one-ec2",
            "metric_aggregation_type": "Average",
            "min_adjustment_magnitude": 0,
            "name": "increase-one-ec2",
            "policy_type": "StepScaling",
            "predictive_scaling_configuration": [],
            "scaling_adjustment": 0,
            "step_adjustment": [
              {
                "metric_interval_lower_bound": "30",
                "metric_interval_upper_bound": "80",
                "scaling_adjustment": 1
              },
              {
                "metric_interval_lower_bound": "80",
                "metric_interval_upper_bound": "",
                "scaling_adjustment": 2
              }
            ],
            "target_tracking_configuration": []
          },
          "sensitive_attributes": [],
          "private": "bnVsbA==",
          "dependencies": [
            "module.asg.aws_autoscaling_group.my_asg",
            "module.launch_template.aws_launch_template.my_launch_template",
            "module.launch_template.data.template_file.my_template",
            "module.rds.aws_db_subnet_group.db_subnet_group",
            "module.rds.aws_rds_cluster.db_cluster",
            "module.sg.aws_security_group.public_sg",
            "module.vpc.aws_subnet.tf_private_subnet",
            "module.vpc.aws_subnet.tf_public_subnet",
            "module.vpc.aws_vpc.tf_vpc",
            "module.vpc.data.aws_availability_zones.available"
          ]
        }
      ]
    },
    {
      "module": "module.cloud_watch_alarm",
      "mode": "managed",
      "type": "aws_cloudwatch_metric_alarm",
      "name": "high_cpu",
      "provider": "provider[\"registry.terraform.io/hashicorp/aws\"]",
      "instances": [
        {
          "schema_version": 1,
          "attributes": {
            "actions_enabled": true,
            "alarm_actions": [
              "arn:aws:autoscaling:ap-southeast-1:654654575882:scalingPolicy:101bf819-8497-4ca5-91d8-9651b3edb350:autoScalingGroupName/wordpress_asg:policyName/increase-one-ec2",
              "arn:aws:sns:ap-southeast-1:654654575882:cpu_alarm_topic_sns"
            ],
            "alarm_description": "This metric monitors ec2 cpu utilization, if it goes above 40% for 2 periods it will trigger an alarm",
            "alarm_name": "increase_ec2",
            "arn": "arn:aws:cloudwatch:ap-southeast-1:654654575882:alarm:increase_ec2",
            "comparison_operator": "GreaterThanOrEqualToThreshold",
            "datapoints_to_alarm": 0,
            "dimensions": {
              "AutoScalingGroupName": "wordpress_asg"
            },
            "evaluate_low_sample_count_percentiles": "",
            "evaluation_periods": 2,
            "extended_statistic": "",
            "id": "increase_ec2",
            "insufficient_data_actions": [],
            "metric_name": "CPUUtilization",
            "metric_query": [],
            "namespace": "AWS/EC2",
            "ok_actions": [],
            "period": 120,
            "statistic": "Average",
            "tags": {},
            "tags_all": {},
            "threshold": 30,
            "threshold_metric_id": "",
            "treat_missing_data": "missing",
            "unit": ""
          },
          "sensitive_attributes": [],
          "private": "eyJzY2hlbWFfdmVyc2lvbiI6IjEifQ==",
          "dependencies": [
            "module.asg.aws_autoscaling_group.my_asg",
            "module.asg.aws_autoscaling_policy.increase_ec2",
            "module.cloud_watch_alarm.aws_sns_topic.my_sns_topic",
            "module.launch_template.aws_launch_template.my_launch_template",
            "module.launch_template.data.template_file.my_template",
            "module.rds.aws_db_subnet_group.db_subnet_group",
            "module.rds.aws_rds_cluster.db_cluster",
            "module.sg.aws_security_group.public_sg",
            "module.vpc.aws_subnet.tf_private_subnet",
            "module.vpc.aws_subnet.tf_public_subnet",
            "module.vpc.aws_vpc.tf_vpc",
            "module.vpc.data.aws_availability_zones.available"
          ]
        }
      ]
    },
    {
      "module": "module.cloud_watch_alarm",
      "mode": "managed",
      "type": "aws_cloudwatch_metric_alarm",
      "name": "low_cpu",
      "provider": "provider[\"registry.terraform.io/hashicorp/aws\"]",
      "instances": [
        {
          "schema_version": 1,
          "attributes": {
            "actions_enabled": true,
            "alarm_actions": [
              "arn:aws:autoscaling:ap-southeast-1:654654575882:scalingPolicy:101bf819-8497-4ca5-91d8-9651b3edb350:autoScalingGroupName/wordpress_asg:policyName/increase-one-ec2",
              "arn:aws:sns:ap-southeast-1:654654575882:cpu_alarm_topic_sns"
            ],
            "alarm_description": "This metric monitors ec2 cpu utilization, if it goes below 40% for 2 periods it will trigger an alarm.",
            "alarm_name": "descrase_ec2",
            "arn": "arn:aws:cloudwatch:ap-southeast-1:654654575882:alarm:descrase_ec2",
            "comparison_operator": "LessThanOrEqualToThreshold",
            "datapoints_to_alarm": 0,
            "dimensions": {
              "AutoScalingGroupName": "wordpress_asg"
            },
            "evaluate_low_sample_count_percentiles": "",
            "evaluation_periods": 2,
            "extended_statistic": "",
            "id": "descrase_ec2",
            "insufficient_data_actions": null,
            "metric_name": "CPUUtilization",
            "metric_query": [],
            "namespace": "AWS/EC2",
            "ok_actions": null,
            "period": 120,
            "statistic": "Average",
            "tags": null,
            "tags_all": {},
            "threshold": 30,
            "threshold_metric_id": "",
            "treat_missing_data": "missing",
            "unit": ""
          },
          "sensitive_attributes": [],
          "private": "eyJzY2hlbWFfdmVyc2lvbiI6IjEifQ==",
          "dependencies": [
            "module.asg.aws_autoscaling_group.my_asg",
            "module.asg.aws_autoscaling_policy.decrease_ec2",
            "module.cloud_watch_alarm.aws_sns_topic.my_sns_topic",
            "module.launch_template.aws_launch_template.my_launch_template",
            "module.launch_template.data.template_file.my_template",
            "module.rds.aws_db_subnet_group.db_subnet_group",
            "module.rds.aws_rds_cluster.db_cluster",
            "module.sg.aws_security_group.public_sg",
            "module.vpc.aws_subnet.tf_private_subnet",
            "module.vpc.aws_subnet.tf_public_subnet",
            "module.vpc.aws_vpc.tf_vpc",
            "module.vpc.data.aws_availability_zones.available"
          ]
        }
      ]
    },
    {
      "module": "module.cloud_watch_alarm",
      "mode": "managed",
      "type": "aws_sns_topic",
      "name": "my_sns_topic",
      "provider": "provider[\"registry.terraform.io/hashicorp/aws\"]",
      "instances": [
        {
          "schema_version": 0,
          "attributes": {
            "application_failure_feedback_role_arn": "",
            "application_success_feedback_role_arn": "",
            "application_success_feedback_sample_rate": 0,
            "archive_policy": "",
            "arn": "arn:aws:sns:ap-southeast-1:654654575882:cpu_alarm_topic_sns",
            "beginning_archive_time": "",
            "content_based_deduplication": false,
            "delivery_policy": "",
            "display_name": "",
            "fifo_topic": false,
            "firehose_failure_feedback_role_arn": "",
            "firehose_success_feedback_role_arn": "",
            "firehose_success_feedback_sample_rate": 0,
            "http_failure_feedback_role_arn": "",
            "http_success_feedback_role_arn": "",
            "http_success_feedback_sample_rate": 0,
            "id": "arn:aws:sns:ap-southeast-1:654654575882:cpu_alarm_topic_sns",
            "kms_master_key_id": "",
            "lambda_failure_feedback_role_arn": "",
            "lambda_success_feedback_role_arn": "",
            "lambda_success_feedback_sample_rate": 0,
            "name": "cpu_alarm_topic_sns",
            "name_prefix": "",
            "owner": "654654575882",
            "policy": "{\"Id\":\"__default_policy_ID\",\"Statement\":[{\"Action\":[\"SNS:GetTopicAttributes\",\"SNS:SetTopicAttributes\",\"SNS:AddPermission\",\"SNS:RemovePermission\",\"SNS:DeleteTopic\",\"SNS:Subscribe\",\"SNS:ListSubscriptionsByTopic\",\"SNS:Publish\"],\"Condition\":{\"StringEquals\":{\"AWS:SourceOwner\":\"654654575882\"}},\"Effect\":\"Allow\",\"Principal\":{\"AWS\":\"*\"},\"Resource\":\"arn:aws:sns:ap-southeast-1:654654575882:cpu_alarm_topic_sns\",\"Sid\":\"__default_statement_ID\"}],\"Version\":\"2008-10-17\"}",
            "signature_version": 0,
            "sqs_failure_feedback_role_arn": "",
            "sqs_success_feedback_role_arn": "",
            "sqs_success_feedback_sample_rate": 0,
            "tags": {},
            "tags_all": {},
            "tracing_config": ""
          },
          "sensitive_attributes": [],
          "private": "bnVsbA=="
        }
      ]
    },
    {
      "module": "module.cloud_watch_alarm",
      "mode": "managed",
      "type": "aws_sns_topic_subscription",
      "name": "my_sns_topic_subscription",
      "provider": "provider[\"registry.terraform.io/hashicorp/aws\"]",
      "instances": [
        {
          "schema_version": 0,
          "attributes": {
            "arn": "arn:aws:sns:ap-southeast-1:654654575882:cpu_alarm_topic_sns:c5d78bd2-6530-470c-8279-016e8c11958e",
            "confirmation_timeout_in_minutes": 1,
            "confirmation_was_authenticated": false,
            "delivery_policy": "",
            "endpoint": "tayyabafridi843@gmail.com",
            "endpoint_auto_confirms": false,
            "filter_policy": "",
            "filter_policy_scope": "",
            "id": "arn:aws:sns:ap-southeast-1:654654575882:cpu_alarm_topic_sns:c5d78bd2-6530-470c-8279-016e8c11958e",
            "owner_id": "654654575882",
            "pending_confirmation": true,
            "protocol": "email",
            "raw_message_delivery": false,
            "redrive_policy": "",
            "replay_policy": "",
            "subscription_role_arn": "",
            "topic_arn": "arn:aws:sns:ap-southeast-1:654654575882:cpu_alarm_topic_sns"
          },
          "sensitive_attributes": [],
          "private": "bnVsbA==",
          "dependencies": [
            "module.cloud_watch_alarm.aws_sns_topic.my_sns_topic"
          ]
        }
      ]
    },
    {
      "module": "module.launch_template",
      "mode": "data",
      "type": "template_file",
      "name": "my_template",
      "provider": "provider[\"registry.terraform.io/hashicorp/template\"]",
      "instances": [
        {
          "schema_version": 0,
          "attributes": {
            "filename": null,
            "id": "721cf2d206c379cddc7fa860dbf61fba583cd7b5b2288857670a96e46719891e",
            "rendered": "#!/bin/bash -x\nyum install amazon-linux-extras httpd -y \namazon-linux-extras install php7.2 -y\nyum install httpd -y\nsystemctl start httpd\nsystemctl enable httpd\ncd /var/www/html\nwget https://wordpress.org/latest.tar.gz\ntar -xzf latest.tar.gz \ncp -r wordpress/* /var/www/html/\nrm -rf wordpress\nrm -rf latest.tar.gz\nchmod -R 755 /var/www/html/*\nchown -R apache:apache /var/www/html/*\ncd ~\nsudo yum install php-mbstring php-xml -y\nsudo systemctl restart httpd\nsudo systemctl restart php-fpm\ncd /var/www/html\nwget https://www.phpmyadmin.net/downloads/phpMyAdmin-latest-all-languages.tar.gz\nmkdir phpMyAdmin \u0026\u0026 tar -xvzf phpMyAdmin-latest-all-languages.tar.gz -C phpMyAdmin --strip-components 1\nrm phpMyAdmin-latest-all-languages.tar.gz\ncd phpMyAdmin\ntouch config.inc.php\nmv config.sample.inc.php config.inc.php\nsed -i \"s/$cfg['Servers'][$i]['host'] = 'localhost'/$cfg['Servers'][$i]['host'] = 'mysql-cluster-demo.cluster-c16suim22ljx.ap-southeast-1.rds.amazonaws.com'/g\" /var/www/html/phpMyAdmin/config.inc.php\ncd ..\nsudo yum update -y\nsudo yum install -y jq\ncp /var/www/html/wp-config-sample.php /var/www/html/wp-config.php\ndbname=mydb # these variables are deleared in asg/mian.tf inside \"template_file\" liune\nusername=tayyab\npassword=t123456789\ndb_endpoint=mysql-cluster-demo.cluster-c16suim22ljx.ap-southeast-1.rds.amazonaws.com\nsed -i \"s/define( 'DB_NAME', 'database_name_here' )/define( 'DB_NAME', '$dbname' )/g\" /var/www/html/wp-config.php\nsed -i \"s/define( 'DB_USER', 'username_here' )/define( 'DB_USER', '$username' )/g\" /var/www/html/wp-config.php\nsed -i \"s/define( 'DB_PASSWORD', 'password_here' )/define( 'DB_PASSWORD', '$password' )/g\" /var/www/html/wp-config.php\nsed -i \"s/define( 'DB_HOST', 'localhost' )/define( 'DB_HOST', '$db_endpoint' )/g\" /var/www/html/wp-config.php",
            "template": "#!/bin/bash -x\nyum install amazon-linux-extras httpd -y \namazon-linux-extras install php7.2 -y\nyum install httpd -y\nsystemctl start httpd\nsystemctl enable httpd\ncd /var/www/html\nwget https://wordpress.org/latest.tar.gz\ntar -xzf latest.tar.gz \ncp -r wordpress/* /var/www/html/\nrm -rf wordpress\nrm -rf latest.tar.gz\nchmod -R 755 /var/www/html/*\nchown -R apache:apache /var/www/html/*\ncd ~\nsudo yum install php-mbstring php-xml -y\nsudo systemctl restart httpd\nsudo systemctl restart php-fpm\ncd /var/www/html\nwget https://www.phpmyadmin.net/downloads/phpMyAdmin-latest-all-languages.tar.gz\nmkdir phpMyAdmin \u0026\u0026 tar -xvzf phpMyAdmin-latest-all-languages.tar.gz -C phpMyAdmin --strip-components 1\nrm phpMyAdmin-latest-all-languages.tar.gz\ncd phpMyAdmin\ntouch config.inc.php\nmv config.sample.inc.php config.inc.php\nsed -i \"s/$cfg['Servers'][$i]['host'] = 'localhost'/$cfg['Servers'][$i]['host'] = 'mysql-cluster-demo.cluster-c16suim22ljx.ap-southeast-1.rds.amazonaws.com'/g\" /var/www/html/phpMyAdmin/config.inc.php\ncd ..\nsudo yum update -y\nsudo yum install -y jq\ncp /var/www/html/wp-config-sample.php /var/www/html/wp-config.php\ndbname=${dbname} # these variables are deleared in asg/mian.tf inside \"template_file\" liune\nusername=${username}\npassword=${password}\ndb_endpoint=${db_endpoint}\nsed -i \"s/define( 'DB_NAME', 'database_name_here' )/define( 'DB_NAME', '$dbname' )/g\" /var/www/html/wp-config.php\nsed -i \"s/define( 'DB_USER', 'username_here' )/define( 'DB_USER', '$username' )/g\" /var/www/html/wp-config.php\nsed -i \"s/define( 'DB_PASSWORD', 'password_here' )/define( 'DB_PASSWORD', '$password' )/g\" /var/www/html/wp-config.php\nsed -i \"s/define( 'DB_HOST', 'localhost' )/define( 'DB_HOST', '$db_endpoint' )/g\" /var/www/html/wp-config.php",
            "vars": {
              "db_endpoint": "mysql-cluster-demo.cluster-c16suim22ljx.ap-southeast-1.rds.amazonaws.com",
              "dbname": "mydb",
              "password": "t123456789",
              "username": "tayyab"
            }
          },
          "sensitive_attributes": []
        }
      ]
    },
    {
      "module": "module.launch_template",
      "mode": "managed",
      "type": "aws_launch_template",
      "name": "my_launch_template",
      "provider": "provider[\"registry.terraform.io/hashicorp/aws\"]",
      "instances": [
        {
          "schema_version": 0,
          "attributes": {
            "arn": "arn:aws:ec2:ap-southeast-1:654654575882:launch-template/lt-0af2c15214fbc814c",
            "block_device_mappings": [],
            "capacity_reservation_specification": [],
            "cpu_options": [],
            "credit_specification": [],
            "default_version": 1,
            "description": "",
            "disable_api_stop": false,
            "disable_api_termination": false,
            "ebs_optimized": "",
            "elastic_gpu_specifications": [],
            "elastic_inference_accelerator": [],
            "enclave_options": [],
            "hibernation_options": [],
            "iam_instance_profile": [],
            "id": "lt-0af2c15214fbc814c",
            "image_id": "ami-0a95d2cc973f39afc",
            "instance_initiated_shutdown_behavior": "",
            "instance_market_options": [],
            "instance_requirements": [],
            "instance_type": "t2.small",
            "kernel_id": "",
            "key_name": "",
            "latest_version": 1,
            "license_specification": [],
            "maintenance_options": [],
            "metadata_options": [],
            "monitoring": [],
            "name": "Atlantis-wordpress_template20240607115607763300000003",
            "name_prefix": "Atlantis-wordpress_template",
            "network_interfaces": [
              {
                "associate_carrier_ip_address": "",
                "associate_public_ip_address": "false",
                "delete_on_termination": "",
                "description": "",
                "device_index": 0,
                "interface_type": "",
                "ipv4_address_count": 0,
                "ipv4_addresses": [],
                "ipv4_prefix_count": 0,
                "ipv4_prefixes": [],
                "ipv6_address_count": 0,
                "ipv6_addresses": [],
                "ipv6_prefix_count": 0,
                "ipv6_prefixes": [],
                "network_card_index": 0,
                "network_interface_id": "",
                "private_ip_address": "",
                "security_groups": [
                  "sg-0ce9b2485d0edb8f7"
                ],
                "subnet_id": "subnet-06a73759262aa8be3"
              }
            ],
            "placement": [],
            "private_dns_name_options": [],
            "ram_disk_id": "",
            "security_group_names": [],
            "tag_specifications": [
              {
                "resource_type": "instance",
                "tags": {
                  "Name": "wordpress-ec2"
                }
              }
            ],
            "tags": {
              "Name": "wordpress_template_tag"
            },
            "tags_all": {
              "Name": "wordpress_template_tag"
            },
            "update_default_version": null,
            "user_data": "IyEvYmluL2Jhc2ggLXgKeXVtIGluc3RhbGwgYW1hem9uLWxpbnV4LWV4dHJhcyBodHRwZCAteSAKYW1hem9uLWxpbnV4LWV4dHJhcyBpbnN0YWxsIHBocDcuMiAteQp5dW0gaW5zdGFsbCBodHRwZCAteQpzeXN0ZW1jdGwgc3RhcnQgaHR0cGQKc3lzdGVtY3RsIGVuYWJsZSBodHRwZApjZCAvdmFyL3d3dy9odG1sCndnZXQgaHR0cHM6Ly93b3JkcHJlc3Mub3JnL2xhdGVzdC50YXIuZ3oKdGFyIC14emYgbGF0ZXN0LnRhci5neiAKY3AgLXIgd29yZHByZXNzLyogL3Zhci93d3cvaHRtbC8Kcm0gLXJmIHdvcmRwcmVzcwpybSAtcmYgbGF0ZXN0LnRhci5negpjaG1vZCAtUiA3NTUgL3Zhci93d3cvaHRtbC8qCmNob3duIC1SIGFwYWNoZTphcGFjaGUgL3Zhci93d3cvaHRtbC8qCmNkIH4Kc3VkbyB5dW0gaW5zdGFsbCBwaHAtbWJzdHJpbmcgcGhwLXhtbCAteQpzdWRvIHN5c3RlbWN0bCByZXN0YXJ0IGh0dHBkCnN1ZG8gc3lzdGVtY3RsIHJlc3RhcnQgcGhwLWZwbQpjZCAvdmFyL3d3dy9odG1sCndnZXQgaHR0cHM6Ly93d3cucGhwbXlhZG1pbi5uZXQvZG93bmxvYWRzL3BocE15QWRtaW4tbGF0ZXN0LWFsbC1sYW5ndWFnZXMudGFyLmd6Cm1rZGlyIHBocE15QWRtaW4gJiYgdGFyIC14dnpmIHBocE15QWRtaW4tbGF0ZXN0LWFsbC1sYW5ndWFnZXMudGFyLmd6IC1DIHBocE15QWRtaW4gLS1zdHJpcC1jb21wb25lbnRzIDEKcm0gcGhwTXlBZG1pbi1sYXRlc3QtYWxsLWxhbmd1YWdlcy50YXIuZ3oKY2QgcGhwTXlBZG1pbgp0b3VjaCBjb25maWcuaW5jLnBocAptdiBjb25maWcuc2FtcGxlLmluYy5waHAgY29uZmlnLmluYy5waHAKc2VkIC1pICJzLyRjZmdbJ1NlcnZlcnMnXVskaV1bJ2hvc3QnXSA9ICdsb2NhbGhvc3QnLyRjZmdbJ1NlcnZlcnMnXVskaV1bJ2hvc3QnXSA9ICdteXNxbC1jbHVzdGVyLWRlbW8uY2x1c3Rlci1jMTZzdWltMjJsanguYXAtc291dGhlYXN0LTEucmRzLmFtYXpvbmF3cy5jb20nL2ciIC92YXIvd3d3L2h0bWwvcGhwTXlBZG1pbi9jb25maWcuaW5jLnBocApjZCAuLgpzdWRvIHl1bSB1cGRhdGUgLXkKc3VkbyB5dW0gaW5zdGFsbCAteSBqcQpjcCAvdmFyL3d3dy9odG1sL3dwLWNvbmZpZy1zYW1wbGUucGhwIC92YXIvd3d3L2h0bWwvd3AtY29uZmlnLnBocApkYm5hbWU9bXlkYiAjIHRoZXNlIHZhcmlhYmxlcyBhcmUgZGVsZWFyZWQgaW4gYXNnL21pYW4udGYgaW5zaWRlICJ0ZW1wbGF0ZV9maWxlIiBsaXVuZQp1c2VybmFtZT10YXl5YWIKcGFzc3dvcmQ9dDEyMzQ1Njc4OQpkYl9lbmRwb2ludD1teXNxbC1jbHVzdGVyLWRlbW8uY2x1c3Rlci1jMTZzdWltMjJsanguYXAtc291dGhlYXN0LTEucmRzLmFtYXpvbmF3cy5jb20Kc2VkIC1pICJzL2RlZmluZSggJ0RCX05BTUUnLCAnZGF0YWJhc2VfbmFtZV9oZXJlJyApL2RlZmluZSggJ0RCX05BTUUnLCAnJGRibmFtZScgKS9nIiAvdmFyL3d3dy9odG1sL3dwLWNvbmZpZy5waHAKc2VkIC1pICJzL2RlZmluZSggJ0RCX1VTRVInLCAndXNlcm5hbWVfaGVyZScgKS9kZWZpbmUoICdEQl9VU0VSJywgJyR1c2VybmFtZScgKS9nIiAvdmFyL3d3dy9odG1sL3dwLWNvbmZpZy5waHAKc2VkIC1pICJzL2RlZmluZSggJ0RCX1BBU1NXT1JEJywgJ3Bhc3N3b3JkX2hlcmUnICkvZGVmaW5lKCAnREJfUEFTU1dPUkQnLCAnJHBhc3N3b3JkJyApL2ciIC92YXIvd3d3L2h0bWwvd3AtY29uZmlnLnBocApzZWQgLWkgInMvZGVmaW5lKCAnREJfSE9TVCcsICdsb2NhbGhvc3QnICkvZGVmaW5lKCAnREJfSE9TVCcsICckZGJfZW5kcG9pbnQnICkvZyIgL3Zhci93d3cvaHRtbC93cC1jb25maWcucGhw",
            "vpc_security_group_ids": []
          },
          "sensitive_attributes": [],
          "private": "bnVsbA==",
          "dependencies": [
            "module.launch_template.data.template_file.my_template",
            "module.rds.aws_db_subnet_group.db_subnet_group",
            "module.rds.aws_rds_cluster.db_cluster",
            "module.sg.aws_security_group.public_sg",
            "module.vpc.aws_subnet.tf_private_subnet",
            "module.vpc.aws_subnet.tf_public_subnet",
            "module.vpc.aws_vpc.tf_vpc",
            "module.vpc.data.aws_availability_zones.available"
          ]
        }
      ]
    },
    {
      "module": "module.rds",
      "mode": "managed",
      "type": "aws_db_subnet_group",
      "name": "db_subnet_group",
      "provider": "provider[\"registry.terraform.io/hashicorp/aws\"]",
      "instances": [
        {
          "schema_version": 0,
          "attributes": {
            "arn": "arn:aws:rds:ap-southeast-1:654654575882:subgrp:rds_subnet",
            "description": "Managed by Terraform",
            "id": "rds_subnet",
            "name": "rds_subnet",
            "name_prefix": "",
            "subnet_ids": [
              "subnet-0070646e45c8e1d0e",
              "subnet-027c546170d0d8aaa",
              "subnet-082ebf18077dc2b69"
            ],
            "supported_network_types": [
              "IPV4"
            ],
            "tags": {
              "Name": "db_su bubnet"
            },
            "tags_all": {
              "Name": "db_su bubnet"
            },
            "vpc_id": "vpc-092a65cb7c89e4f0e"
          },
          "sensitive_attributes": [],
          "private": "bnVsbA==",
          "dependencies": [
            "module.vpc.aws_subnet.tf_private_subnet",
            "module.vpc.aws_vpc.tf_vpc",
            "module.vpc.data.aws_availability_zones.available"
          ]
        }
      ]
    },
    {
      "module": "module.rds",
      "mode": "managed",
      "type": "aws_rds_cluster",
      "name": "db_cluster",
      "provider": "provider[\"registry.terraform.io/hashicorp/aws\"]",
      "instances": [
        {
          "schema_version": 1,
          "attributes": {
            "allocated_storage": 1,
            "allow_major_version_upgrade": null,
            "apply_immediately": null,
            "arn": "arn:aws:rds:ap-southeast-1:654654575882:cluster:mysql-cluster-demo",
            "availability_zones": [
              "ap-southeast-1a",
              "ap-southeast-1b",
              "ap-southeast-1c"
            ],
            "backtrack_window": 0,
            "backup_retention_period": 5,
            "cluster_identifier": "mysql-cluster-demo",
            "cluster_identifier_prefix": "",
            "cluster_members": [
              "my-db"
            ],
            "cluster_resource_id": "cluster-RBV6GMR734NXRSGO3OHLM74RWA",
            "copy_tags_to_snapshot": false,
            "database_name": "mydb",
            "db_cluster_instance_class": "",
            "db_cluster_parameter_group_name": "default.aurora-mysql5.7",
            "db_instance_parameter_group_name": null,
            "db_subnet_group_name": "rds_subnet",
            "db_system_id": "",
            "delete_automated_backups": true,
            "deletion_protection": false,
            "domain": "",
            "domain_iam_role_name": "",
            "enable_global_write_forwarding": false,
            "enable_http_endpoint": false,
            "enable_local_write_forwarding": false,
            "enabled_cloudwatch_logs_exports": [],
            "endpoint": "mysql-cluster-demo.cluster-c16suim22ljx.ap-southeast-1.rds.amazonaws.com",
            "engine": "aurora-mysql",
            "engine_mode": "provisioned",
            "engine_version": "5.7.mysql_aurora.2.12.0",
            "engine_version_actual": "5.7.mysql_aurora.2.12.0",
            "final_snapshot_identifier": null,
            "global_cluster_identifier": "",
            "hosted_zone_id": "Z2G0U3KFCY8NZ5",
            "iam_database_authentication_enabled": false,
            "iam_roles": [],
            "id": "mysql-cluster-demo",
            "iops": 0,
            "kms_key_id": "",
            "manage_master_user_password": null,
            "master_password": "t123456789",
            "master_user_secret": [],
            "master_user_secret_kms_key_id": null,
            "master_username": "tayyab",
            "network_type": "IPV4",
            "port": 3306,
            "preferred_backup_window": "07:00-09:00",
            "preferred_maintenance_window": "fri:19:12-fri:19:42",
            "reader_endpoint": "mysql-cluster-demo.cluster-ro-c16suim22ljx.ap-southeast-1.rds.amazonaws.com",
            "replication_source_identifier": "",
            "restore_to_point_in_time": [],
            "s3_import": [],
            "scaling_configuration": [],
            "serverlessv2_scaling_configuration": [],
            "skip_final_snapshot": true,
            "snapshot_identifier": null,
            "source_region": null,
            "storage_encrypted": false,
            "storage_type": "",
            "tags": {},
            "tags_all": {},
            "timeouts": null,
            "vpc_security_group_ids": [
              "sg-0318232d8c7d823c6"
            ]
          },
          "sensitive_attributes": [
            [
              {
                "type": "get_attr",
                "value": "master_password"
              }
            ]
          ],
          "private": "eyJlMmJmYjczMC1lY2FhLTExZTYtOGY4OC0zNDM2M2JjN2M0YzAiOnsiY3JlYXRlIjo3MjAwMDAwMDAwMDAwLCJkZWxldGUiOjcyMDAwMDAwMDAwMDAsInVwZGF0ZSI6NzIwMDAwMDAwMDAwMH0sInNjaGVtYV92ZXJzaW9uIjoiMSJ9",
          "dependencies": [
            "module.rds.aws_db_subnet_group.db_subnet_group",
            "module.sg.aws_security_group.public_sg",
            "module.vpc.aws_subnet.tf_private_subnet",
            "module.vpc.aws_vpc.tf_vpc",
            "module.vpc.data.aws_availability_zones.available"
          ]
        }
      ]
    },
    {
      "module": "module.rds",
      "mode": "managed",
      "type": "aws_rds_cluster_instance",
      "name": "db_cluster_instances",
      "provider": "provider[\"registry.terraform.io/hashicorp/aws\"]",
      "instances": [
        {
          "index_key": 0,
          "schema_version": 0,
          "attributes": {
            "apply_immediately": null,
            "arn": "arn:aws:rds:ap-southeast-1:654654575882:db:my-db",
            "auto_minor_version_upgrade": true,
            "availability_zone": "ap-southeast-1a",
            "ca_cert_identifier": "rds-ca-rsa2048-g1",
            "cluster_identifier": "mysql-cluster-demo",
            "copy_tags_to_snapshot": false,
            "custom_iam_instance_profile": "",
            "db_parameter_group_name": "default.aurora-mysql5.7",
            "db_subnet_group_name": "rds_subnet",
            "dbi_resource_id": "db-LTDLOJOKETB5WY3ROJAHSPE4FU",
            "endpoint": "my-db.c16suim22ljx.ap-southeast-1.rds.amazonaws.com",
            "engine": "aurora-mysql",
            "engine_version": "5.7.mysql_aurora.2.12.0",
            "engine_version_actual": "5.7.mysql_aurora.2.12.0",
            "id": "my-db",
            "identifier": "my-db",
            "identifier_prefix": "",
            "instance_class": "db.t3.small",
            "kms_key_id": "",
            "monitoring_interval": 0,
            "monitoring_role_arn": "",
            "network_type": "IPV4",
            "performance_insights_enabled": false,
            "performance_insights_kms_key_id": "",
            "performance_insights_retention_period": 0,
            "port": 3306,
            "preferred_backup_window": "07:00-09:00",
            "preferred_maintenance_window": "tue:17:27-tue:17:57",
            "promotion_tier": 0,
            "publicly_accessible": false,
            "storage_encrypted": false,
            "tags": {
              "Name": "wordpress_rds_tag"
            },
            "tags_all": {
              "Name": "wordpress_rds_tag"
            },
            "timeouts": null,
            "writer": true
          },
          "sensitive_attributes": [],
          "private": "eyJlMmJmYjczMC1lY2FhLTExZTYtOGY4OC0zNDM2M2JjN2M0YzAiOnsiY3JlYXRlIjo1NDAwMDAwMDAwMDAwLCJkZWxldGUiOjU0MDAwMDAwMDAwMDAsInVwZGF0ZSI6NTQwMDAwMDAwMDAwMH19",
          "dependencies": [
            "module.rds.aws_db_subnet_group.db_subnet_group",
            "module.rds.aws_rds_cluster.db_cluster",
            "module.sg.aws_security_group.public_sg",
            "module.vpc.aws_subnet.tf_private_subnet",
            "module.vpc.aws_vpc.tf_vpc",
            "module.vpc.data.aws_availability_zones.available"
          ]
        }
      ]
    },
    {
      "module": "module.sg[\"db_sg\"]",
      "mode": "managed",
      "type": "aws_security_group",
      "name": "public_sg",
      "provider": "provider[\"registry.terraform.io/hashicorp/aws\"]",
      "instances": [
        {
          "schema_version": 1,
          "attributes": {
            "arn": "arn:aws:ec2:ap-southeast-1:654654575882:security-group/sg-0318232d8c7d823c6",
            "description": "Managed by Terraform",
            "egress": [
              {
                "cidr_blocks": [
                  "0.0.0.0/0"
                ],
                "description": "",
                "from_port": 0,
                "ipv6_cidr_blocks": [],
                "prefix_list_ids": [],
                "protocol": "-1",
                "security_groups": [],
                "self": false,
                "to_port": 0
              }
            ],
            "id": "sg-0318232d8c7d823c6",
            "ingress": [
              {
                "cidr_blocks": [
                  "0.0.0.0/0"
                ],
                "description": "Example Ingress 1",
                "from_port": 3306,
                "ipv6_cidr_blocks": [
                  "::/0"
                ],
                "prefix_list_ids": [],
                "protocol": "tcp",
                "security_groups": [],
                "self": false,
                "to_port": 3306
              }
            ],
            "name": "db_sg",
            "name_prefix": "",
            "owner_id": "654654575882",
            "revoke_rules_on_delete": false,
            "tags": {
              "Name": "db_sg"
            },
            "tags_all": {
              "Name": "db_sg"
            },
            "timeouts": null,
            "vpc_id": "vpc-092a65cb7c89e4f0e"
          },
          "sensitive_attributes": [],
          "private": "eyJlMmJmYjczMC1lY2FhLTExZTYtOGY4OC0zNDM2M2JjN2M0YzAiOnsiY3JlYXRlIjo2MDAwMDAwMDAwMDAsImRlbGV0ZSI6OTAwMDAwMDAwMDAwfSwic2NoZW1hX3ZlcnNpb24iOiIxIn0=",
          "dependencies": [
            "module.vpc.aws_vpc.tf_vpc"
          ]
        }
      ]
    },
    {
      "module": "module.sg[\"web_sg\"]",
      "mode": "managed",
      "type": "aws_security_group",
      "name": "public_sg",
      "provider": "provider[\"registry.terraform.io/hashicorp/aws\"]",
      "instances": [
        {
          "schema_version": 1,
          "attributes": {
            "arn": "arn:aws:ec2:ap-southeast-1:654654575882:security-group/sg-0ce9b2485d0edb8f7",
            "description": "Managed by Terraform",
            "egress": [
              {
                "cidr_blocks": [
                  "0.0.0.0/0"
                ],
                "description": "",
                "from_port": 0,
                "ipv6_cidr_blocks": [],
                "prefix_list_ids": [],
                "protocol": "-1",
                "security_groups": [],
                "self": false,
                "to_port": 0
              }
            ],
            "id": "sg-0ce9b2485d0edb8f7",
            "ingress": [
              {
                "cidr_blocks": [
                  "0.0.0.0/0"
                ],
                "description": "Example Ingress 1",
                "from_port": 80,
                "ipv6_cidr_blocks": [
                  "::/0"
                ],
                "prefix_list_ids": [],
                "protocol": "tcp",
                "security_groups": [],
                "self": false,
                "to_port": 80
              },
              {
                "cidr_blocks": [
                  "0.0.0.0/0"
                ],
                "description": "Example Ingress 2",
                "from_port": 443,
                "ipv6_cidr_blocks": [
                  "::/0"
                ],
                "prefix_list_ids": [],
                "protocol": "tcp",
                "security_groups": [],
                "self": false,
                "to_port": 443
              },
              {
                "cidr_blocks": [
                  "0.0.0.0/0"
                ],
                "description": "Example Ingress 3",
                "from_port": 22,
                "ipv6_cidr_blocks": [
                  "::/0"
                ],
                "prefix_list_ids": [],
                "protocol": "tcp",
                "security_groups": [],
                "self": false,
                "to_port": 22
              }
            ],
            "name": "web_sg",
            "name_prefix": "",
            "owner_id": "654654575882",
            "revoke_rules_on_delete": false,
            "tags": {
              "Name": "web_sg"
            },
            "tags_all": {
              "Name": "web_sg"
            },
            "timeouts": null,
            "vpc_id": "vpc-092a65cb7c89e4f0e"
          },
          "sensitive_attributes": [],
          "private": "eyJlMmJmYjczMC1lY2FhLTExZTYtOGY4OC0zNDM2M2JjN2M0YzAiOnsiY3JlYXRlIjo2MDAwMDAwMDAwMDAsImRlbGV0ZSI6OTAwMDAwMDAwMDAwfSwic2NoZW1hX3ZlcnNpb24iOiIxIn0=",
          "dependencies": [
            "module.vpc.aws_vpc.tf_vpc"
          ]
        }
      ]
    },
    {
      "module": "module.vpc",
      "mode": "data",
      "type": "aws_availability_zones",
      "name": "available",
      "provider": "provider[\"registry.terraform.io/hashicorp/aws\"]",
      "instances": [
        {
          "schema_version": 0,
          "attributes": {
            "all_availability_zones": null,
            "exclude_names": null,
            "exclude_zone_ids": null,
            "filter": null,
            "group_names": [
              "ap-southeast-1"
            ],
            "id": "ap-southeast-1",
            "names": [
              "ap-southeast-1a",
              "ap-southeast-1b",
              "ap-southeast-1c"
            ],
            "state": null,
            "timeouts": null,
            "zone_ids": [
              "apse1-az2",
              "apse1-az1",
              "apse1-az3"
            ]
          },
          "sensitive_attributes": []
        }
      ]
    },
    {
      "module": "module.vpc",
      "mode": "managed",
      "type": "aws_default_route_table",
      "name": "tf_private_rt",
      "provider": "provider[\"registry.terraform.io/hashicorp/aws\"]",
      "instances": [
        {
          "schema_version": 0,
          "attributes": {
            "arn": "arn:aws:ec2:ap-southeast-1:654654575882:route-table/rtb-0225feee488326ed3",
            "default_route_table_id": "rtb-0225feee488326ed3",
            "id": "rtb-0225feee488326ed3",
            "owner_id": "654654575882",
            "propagating_vgws": [],
            "route": [
              {
                "cidr_block": "0.0.0.0/0",
                "core_network_arn": "",
                "destination_prefix_list_id": "",
                "egress_only_gateway_id": "",
                "gateway_id": "",
                "instance_id": "",
                "ipv6_cidr_block": "",
                "nat_gateway_id": "nat-04ede59242a8472d3",
                "network_interface_id": "",
                "transit_gateway_id": "",
                "vpc_endpoint_id": "",
                "vpc_peering_connection_id": ""
              }
            ],
            "tags": {
              "Name": "tf_private_rt"
            },
            "tags_all": {
              "Name": "tf_private_rt"
            },
            "timeouts": null,
            "vpc_id": "vpc-092a65cb7c89e4f0e"
          },
          "sensitive_attributes": [],
          "private": "eyJlMmJmYjczMC1lY2FhLTExZTYtOGY4OC0zNDM2M2JjN2M0YzAiOnsiY3JlYXRlIjoxMjAwMDAwMDAwMDAsInVwZGF0ZSI6MTIwMDAwMDAwMDAwfX0=",
          "dependencies": [
            "module.vpc.aws_subnet.tf_private_subnet",
            "module.vpc.aws_vpc.tf_vpc",
            "module.vpc.data.aws_availability_zones.available"
          ]
        }
      ]
    },
    {
      "module": "module.vpc",
      "mode": "managed",
      "type": "aws_eip",
      "name": "nat_gateway_eip",
      "provider": "provider[\"registry.terraform.io/hashicorp/aws\"]",
      "instances": [
        {
          "schema_version": 0,
          "attributes": {
            "address": null,
            "allocation_id": "eipalloc-0268d6db0b50ad1bf",
            "arn": "arn:aws:ec2:ap-southeast-1:654654575882:elastic-ip/eipalloc-0268d6db0b50ad1bf",
            "associate_with_private_ip": null,
            "association_id": "eipassoc-0bb3398c2b6a5a2a1",
            "carrier_ip": "",
            "customer_owned_ip": "",
            "customer_owned_ipv4_pool": "",
            "domain": "vpc",
            "id": "eipalloc-0268d6db0b50ad1bf",
            "instance": "",
            "network_border_group": "ap-southeast-1",
            "network_interface": "eni-04c375c3031d72730",
            "private_dns": "ip-10-0-1-118.ap-southeast-1.compute.internal",
            "private_ip": "10.0.1.118",
            "ptr_record": "",
            "public_dns": "ec2-3-1-236-61.ap-southeast-1.compute.amazonaws.com",
            "public_ip": "3.1.236.61",
            "public_ipv4_pool": "amazon",
            "tags": {},
            "tags_all": {},
            "timeouts": null,
            "vpc": true
          },
          "sensitive_attributes": [],
          "private": "eyJlMmJmYjczMC1lY2FhLTExZTYtOGY4OC0zNDM2M2JjN2M0YzAiOnsiZGVsZXRlIjoxODAwMDAwMDAwMDAsInJlYWQiOjkwMDAwMDAwMDAwMCwidXBkYXRlIjozMDAwMDAwMDAwMDB9fQ==",
          "dependencies": [
            "module.vpc.aws_default_route_table.tf_private_rt",
            "module.vpc.aws_subnet.tf_private_subnet",
            "module.vpc.aws_vpc.tf_vpc",
            "module.vpc.data.aws_availability_zones.available"
          ]
        }
      ]
    },
    {
      "module": "module.vpc",
      "mode": "managed",
      "type": "aws_internet_gateway",
      "name": "tf_internet_gateway",
      "provider": "provider[\"registry.terraform.io/hashicorp/aws\"]",
      "instances": [
        {
          "schema_version": 0,
          "attributes": {
            "arn": "arn:aws:ec2:ap-southeast-1:654654575882:internet-gateway/igw-0f45e04f0d617cdaf",
            "id": "igw-0f45e04f0d617cdaf",
            "owner_id": "654654575882",
            "tags": {
              "Name": "tf_igw"
            },
            "tags_all": {
              "Name": "tf_igw"
            },
            "timeouts": null,
            "vpc_id": "vpc-092a65cb7c89e4f0e"
          },
          "sensitive_attributes": [],
          "private": "eyJlMmJmYjczMC1lY2FhLTExZTYtOGY4OC0zNDM2M2JjN2M0YzAiOnsiY3JlYXRlIjoxMjAwMDAwMDAwMDAwLCJkZWxldGUiOjEyMDAwMDAwMDAwMDAsInVwZGF0ZSI6MTIwMDAwMDAwMDAwMH19",
          "dependencies": [
            "module.vpc.aws_vpc.tf_vpc"
          ]
        }
      ]
    },
    {
      "module": "module.vpc",
      "mode": "managed",
      "type": "aws_nat_gateway",
      "name": "my_nat_gateway",
      "provider": "provider[\"registry.terraform.io/hashicorp/aws\"]",
      "instances": [
        {
          "index_key": 0,
          "schema_version": 0,
          "attributes": {
            "allocation_id": "eipalloc-0268d6db0b50ad1bf",
            "association_id": "eipassoc-0bb3398c2b6a5a2a1",
            "connectivity_type": "public",
            "id": "nat-04ede59242a8472d3",
            "network_interface_id": "eni-04c375c3031d72730",
            "private_ip": "10.0.1.118",
            "public_ip": "3.1.236.61",
            "secondary_allocation_ids": [],
            "secondary_private_ip_address_count": 0,
            "secondary_private_ip_addresses": [],
            "subnet_id": "subnet-06a73759262aa8be3",
            "tags": {
              "Name": "gw NAT"
            },
            "tags_all": {
              "Name": "gw NAT"
            },
            "timeouts": null
          },
          "sensitive_attributes": [],
          "private": "eyJlMmJmYjczMC1lY2FhLTExZTYtOGY4OC0zNDM2M2JjN2M0YzAiOnsiY3JlYXRlIjo2MDAwMDAwMDAwMDAsImRlbGV0ZSI6MTgwMDAwMDAwMDAwMCwidXBkYXRlIjo2MDAwMDAwMDAwMDB9fQ==",
          "dependencies": [
            "module.vpc.aws_default_route_table.tf_private_rt",
            "module.vpc.aws_eip.nat_gateway_eip",
            "module.vpc.aws_subnet.tf_private_subnet",
            "module.vpc.aws_subnet.tf_public_subnet",
            "module.vpc.aws_vpc.tf_vpc",
            "module.vpc.data.aws_availability_zones.available"
          ]
        }
      ]
    },
    {
      "module": "module.vpc",
      "mode": "managed",
      "type": "aws_route",
      "name": "private_subnet_route",
      "provider": "provider[\"registry.terraform.io/hashicorp/aws\"]",
      "instances": [
        {
          "schema_version": 0,
          "attributes": {
            "carrier_gateway_id": "",
            "core_network_arn": "",
            "destination_cidr_block": "0.0.0.0/0",
            "destination_ipv6_cidr_block": "",
            "destination_prefix_list_id": "",
            "egress_only_gateway_id": "",
            "gateway_id": "",
            "id": "r-rtb-0225feee488326ed31080289494",
            "instance_id": "",
            "instance_owner_id": "",
            "local_gateway_id": "",
            "nat_gateway_id": "nat-04ede59242a8472d3",
            "network_interface_id": "",
            "origin": "CreateRoute",
            "route_table_id": "rtb-0225feee488326ed3",
            "state": "active",
            "timeouts": null,
            "transit_gateway_id": "",
            "vpc_endpoint_id": "",
            "vpc_peering_connection_id": ""
          },
          "sensitive_attributes": [],
          "private": "eyJlMmJmYjczMC1lY2FhLTExZTYtOGY4OC0zNDM2M2JjN2M0YzAiOnsiY3JlYXRlIjozMDAwMDAwMDAwMDAsImRlbGV0ZSI6MzAwMDAwMDAwMDAwLCJ1cGRhdGUiOjEyMDAwMDAwMDAwMH19",
          "dependencies": [
            "module.vpc.aws_default_route_table.tf_private_rt",
            "module.vpc.aws_eip.nat_gateway_eip",
            "module.vpc.aws_nat_gateway.my_nat_gateway",
            "module.vpc.aws_subnet.tf_private_subnet",
            "module.vpc.aws_subnet.tf_public_subnet",
            "module.vpc.aws_vpc.tf_vpc",
            "module.vpc.data.aws_availability_zones.available"
          ]
        }
      ]
    },
    {
      "module": "module.vpc",
      "mode": "managed",
      "type": "aws_route_table",
      "name": "tf_public_rt",
      "provider": "provider[\"registry.terraform.io/hashicorp/aws\"]",
      "instances": [
        {
          "schema_version": 0,
          "attributes": {
            "arn": "arn:aws:ec2:ap-southeast-1:654654575882:route-table/rtb-004048f23622fd400",
            "id": "rtb-004048f23622fd400",
            "owner_id": "654654575882",
            "propagating_vgws": [],
            "route": [
              {
                "carrier_gateway_id": "",
                "cidr_block": "0.0.0.0/0",
                "core_network_arn": "",
                "destination_prefix_list_id": "",
                "egress_only_gateway_id": "",
                "gateway_id": "igw-0f45e04f0d617cdaf",
                "ipv6_cidr_block": "",
                "local_gateway_id": "",
                "nat_gateway_id": "",
                "network_interface_id": "",
                "transit_gateway_id": "",
                "vpc_endpoint_id": "",
                "vpc_peering_connection_id": ""
              }
            ],
            "tags": {
              "Name": "tf_public_rt"
            },
            "tags_all": {
              "Name": "tf_public_rt"
            },
            "timeouts": null,
            "vpc_id": "vpc-092a65cb7c89e4f0e"
          },
          "sensitive_attributes": [],
          "private": "eyJlMmJmYjczMC1lY2FhLTExZTYtOGY4OC0zNDM2M2JjN2M0YzAiOnsiY3JlYXRlIjozMDAwMDAwMDAwMDAsImRlbGV0ZSI6MzAwMDAwMDAwMDAwLCJ1cGRhdGUiOjEyMDAwMDAwMDAwMH19",
          "dependencies": [
            "module.vpc.aws_internet_gateway.tf_internet_gateway",
            "module.vpc.aws_vpc.tf_vpc"
          ]
        }
      ]
    },
    {
      "module": "module.vpc",
      "mode": "managed",
      "type": "aws_route_table_association",
      "name": "tf_private_assoc",
      "provider": "provider[\"registry.terraform.io/hashicorp/aws\"]",
      "instances": [
        {
          "schema_version": 0,
          "attributes": {
            "gateway_id": "",
            "id": "rtbassoc-0a2dabd92e4d4e178",
            "route_table_id": "rtb-0225feee488326ed3",
            "subnet_id": "subnet-0070646e45c8e1d0e",
            "timeouts": null
          },
          "sensitive_attributes": [],
          "private": "eyJlMmJmYjczMC1lY2FhLTExZTYtOGY4OC0zNDM2M2JjN2M0YzAiOnsiY3JlYXRlIjozMDAwMDAwMDAwMDAsImRlbGV0ZSI6MzAwMDAwMDAwMDAwLCJ1cGRhdGUiOjEyMDAwMDAwMDAwMH19",
          "dependencies": [
            "module.vpc.aws_default_route_table.tf_private_rt",
            "module.vpc.aws_subnet.tf_private_subnet",
            "module.vpc.aws_vpc.tf_vpc",
            "module.vpc.data.aws_availability_zones.available"
          ]
        }
      ]
    },
    {
      "module": "module.vpc",
      "mode": "managed",
      "type": "aws_route_table_association",
      "name": "tf_public_assoc",
      "provider": "provider[\"registry.terraform.io/hashicorp/aws\"]",
      "instances": [
        {
          "schema_version": 0,
          "attributes": {
            "gateway_id": "",
            "id": "rtbassoc-01dd715f44602089d",
            "route_table_id": "rtb-004048f23622fd400",
            "subnet_id": "subnet-06a73759262aa8be3",
            "timeouts": null
          },
          "sensitive_attributes": [],
          "private": "eyJlMmJmYjczMC1lY2FhLTExZTYtOGY4OC0zNDM2M2JjN2M0YzAiOnsiY3JlYXRlIjozMDAwMDAwMDAwMDAsImRlbGV0ZSI6MzAwMDAwMDAwMDAwLCJ1cGRhdGUiOjEyMDAwMDAwMDAwMH19",
          "dependencies": [
            "module.vpc.aws_internet_gateway.tf_internet_gateway",
            "module.vpc.aws_route_table.tf_public_rt",
            "module.vpc.aws_subnet.tf_public_subnet",
            "module.vpc.aws_vpc.tf_vpc",
            "module.vpc.data.aws_availability_zones.available"
          ]
        }
      ]
    },
    {
      "module": "module.vpc",
      "mode": "managed",
      "type": "aws_subnet",
      "name": "tf_private_subnet",
      "provider": "provider[\"registry.terraform.io/hashicorp/aws\"]",
      "instances": [
        {
          "index_key": 0,
          "schema_version": 1,
          "attributes": {
            "arn": "arn:aws:ec2:ap-southeast-1:654654575882:subnet/subnet-0070646e45c8e1d0e",
            "assign_ipv6_address_on_creation": false,
            "availability_zone": "ap-southeast-1a",
            "availability_zone_id": "apse1-az2",
            "cidr_block": "10.0.11.0/24",
            "customer_owned_ipv4_pool": "",
            "enable_dns64": false,
            "enable_lni_at_device_index": 0,
            "enable_resource_name_dns_a_record_on_launch": false,
            "enable_resource_name_dns_aaaa_record_on_launch": false,
            "id": "subnet-0070646e45c8e1d0e",
            "ipv6_cidr_block": "",
            "ipv6_cidr_block_association_id": "",
            "ipv6_native": false,
            "map_customer_owned_ip_on_launch": false,
            "map_public_ip_on_launch": false,
            "outpost_arn": "",
            "owner_id": "654654575882",
            "private_dns_hostname_type_on_launch": "ip-name",
            "tags": {
              "Name": "tf_private_subnet"
            },
            "tags_all": {
              "Name": "tf_private_subnet"
            },
            "timeouts": null,
            "vpc_id": "vpc-092a65cb7c89e4f0e"
          },
          "sensitive_attributes": [],
          "private": "eyJlMmJmYjczMC1lY2FhLTExZTYtOGY4OC0zNDM2M2JjN2M0YzAiOnsiY3JlYXRlIjo2MDAwMDAwMDAwMDAsImRlbGV0ZSI6MTIwMDAwMDAwMDAwMH0sInNjaGVtYV92ZXJzaW9uIjoiMSJ9",
          "dependencies": [
            "module.vpc.aws_vpc.tf_vpc",
            "module.vpc.data.aws_availability_zones.available"
          ]
        },
        {
          "index_key": 1,
          "schema_version": 1,
          "attributes": {
            "arn": "arn:aws:ec2:ap-southeast-1:654654575882:subnet/subnet-027c546170d0d8aaa",
            "assign_ipv6_address_on_creation": false,
            "availability_zone": "ap-southeast-1b",
            "availability_zone_id": "apse1-az1",
            "cidr_block": "10.0.12.0/24",
            "customer_owned_ipv4_pool": "",
            "enable_dns64": false,
            "enable_lni_at_device_index": 0,
            "enable_resource_name_dns_a_record_on_launch": false,
            "enable_resource_name_dns_aaaa_record_on_launch": false,
            "id": "subnet-027c546170d0d8aaa",
            "ipv6_cidr_block": "",
            "ipv6_cidr_block_association_id": "",
            "ipv6_native": false,
            "map_customer_owned_ip_on_launch": false,
            "map_public_ip_on_launch": false,
            "outpost_arn": "",
            "owner_id": "654654575882",
            "private_dns_hostname_type_on_launch": "ip-name",
            "tags": {
              "Name": "tf_private_subnet"
            },
            "tags_all": {
              "Name": "tf_private_subnet"
            },
            "timeouts": null,
            "vpc_id": "vpc-092a65cb7c89e4f0e"
          },
          "sensitive_attributes": [],
          "private": "eyJlMmJmYjczMC1lY2FhLTExZTYtOGY4OC0zNDM2M2JjN2M0YzAiOnsiY3JlYXRlIjo2MDAwMDAwMDAwMDAsImRlbGV0ZSI6MTIwMDAwMDAwMDAwMH0sInNjaGVtYV92ZXJzaW9uIjoiMSJ9",
          "dependencies": [
            "module.vpc.aws_vpc.tf_vpc",
            "module.vpc.data.aws_availability_zones.available"
          ]
        },
        {
          "index_key": 2,
          "schema_version": 1,
          "attributes": {
            "arn": "arn:aws:ec2:ap-southeast-1:654654575882:subnet/subnet-082ebf18077dc2b69",
            "assign_ipv6_address_on_creation": false,
            "availability_zone": "ap-southeast-1c",
            "availability_zone_id": "apse1-az3",
            "cidr_block": "10.0.13.0/24",
            "customer_owned_ipv4_pool": "",
            "enable_dns64": false,
            "enable_lni_at_device_index": 0,
            "enable_resource_name_dns_a_record_on_launch": false,
            "enable_resource_name_dns_aaaa_record_on_launch": false,
            "id": "subnet-082ebf18077dc2b69",
            "ipv6_cidr_block": "",
            "ipv6_cidr_block_association_id": "",
            "ipv6_native": false,
            "map_customer_owned_ip_on_launch": false,
            "map_public_ip_on_launch": false,
            "outpost_arn": "",
            "owner_id": "654654575882",
            "private_dns_hostname_type_on_launch": "ip-name",
            "tags": {
              "Name": "tf_private_subnet"
            },
            "tags_all": {
              "Name": "tf_private_subnet"
            },
            "timeouts": null,
            "vpc_id": "vpc-092a65cb7c89e4f0e"
          },
          "sensitive_attributes": [],
          "private": "eyJlMmJmYjczMC1lY2FhLTExZTYtOGY4OC0zNDM2M2JjN2M0YzAiOnsiY3JlYXRlIjo2MDAwMDAwMDAwMDAsImRlbGV0ZSI6MTIwMDAwMDAwMDAwMH0sInNjaGVtYV92ZXJzaW9uIjoiMSJ9",
          "dependencies": [
            "module.vpc.aws_vpc.tf_vpc",
            "module.vpc.data.aws_availability_zones.available"
          ]
        }
      ]
    },
    {
      "module": "module.vpc",
      "mode": "managed",
      "type": "aws_subnet",
      "name": "tf_public_subnet",
      "provider": "provider[\"registry.terraform.io/hashicorp/aws\"]",
      "instances": [
        {
          "index_key": 0,
          "schema_version": 1,
          "attributes": {
            "arn": "arn:aws:ec2:ap-southeast-1:654654575882:subnet/subnet-06a73759262aa8be3",
            "assign_ipv6_address_on_creation": false,
            "availability_zone": "ap-southeast-1a",
            "availability_zone_id": "apse1-az2",
            "cidr_block": "10.0.1.0/24",
            "customer_owned_ipv4_pool": "",
            "enable_dns64": false,
            "enable_lni_at_device_index": 0,
            "enable_resource_name_dns_a_record_on_launch": false,
            "enable_resource_name_dns_aaaa_record_on_launch": false,
            "id": "subnet-06a73759262aa8be3",
            "ipv6_cidr_block": "",
            "ipv6_cidr_block_association_id": "",
            "ipv6_native": false,
            "map_customer_owned_ip_on_launch": false,
            "map_public_ip_on_launch": true,
            "outpost_arn": "",
            "owner_id": "654654575882",
            "private_dns_hostname_type_on_launch": "ip-name",
            "tags": {
              "Name": "tf_public_subnet"
            },
            "tags_all": {
              "Name": "tf_public_subnet"
            },
            "timeouts": null,
            "vpc_id": "vpc-092a65cb7c89e4f0e"
          },
          "sensitive_attributes": [],
          "private": "eyJlMmJmYjczMC1lY2FhLTExZTYtOGY4OC0zNDM2M2JjN2M0YzAiOnsiY3JlYXRlIjo2MDAwMDAwMDAwMDAsImRlbGV0ZSI6MTIwMDAwMDAwMDAwMH0sInNjaGVtYV92ZXJzaW9uIjoiMSJ9",
          "dependencies": [
            "module.vpc.aws_vpc.tf_vpc",
            "module.vpc.data.aws_availability_zones.available"
          ]
        },
        {
          "index_key": 1,
          "schema_version": 1,
          "attributes": {
            "arn": "arn:aws:ec2:ap-southeast-1:654654575882:subnet/subnet-062883663af2545ed",
            "assign_ipv6_address_on_creation": false,
            "availability_zone": "ap-southeast-1b",
            "availability_zone_id": "apse1-az1",
            "cidr_block": "10.0.2.0/24",
            "customer_owned_ipv4_pool": "",
            "enable_dns64": false,
            "enable_lni_at_device_index": 0,
            "enable_resource_name_dns_a_record_on_launch": false,
            "enable_resource_name_dns_aaaa_record_on_launch": false,
            "id": "subnet-062883663af2545ed",
            "ipv6_cidr_block": "",
            "ipv6_cidr_block_association_id": "",
            "ipv6_native": false,
            "map_customer_owned_ip_on_launch": false,
            "map_public_ip_on_launch": true,
            "outpost_arn": "",
            "owner_id": "654654575882",
            "private_dns_hostname_type_on_launch": "ip-name",
            "tags": {
              "Name": "tf_public_subnet"
            },
            "tags_all": {
              "Name": "tf_public_subnet"
            },
            "timeouts": null,
            "vpc_id": "vpc-092a65cb7c89e4f0e"
          },
          "sensitive_attributes": [],
          "private": "eyJlMmJmYjczMC1lY2FhLTExZTYtOGY4OC0zNDM2M2JjN2M0YzAiOnsiY3JlYXRlIjo2MDAwMDAwMDAwMDAsImRlbGV0ZSI6MTIwMDAwMDAwMDAwMH0sInNjaGVtYV92ZXJzaW9uIjoiMSJ9",
          "dependencies": [
            "module.vpc.aws_vpc.tf_vpc",
            "module.vpc.data.aws_availability_zones.available"
          ]
        },
        {
          "index_key": 2,
          "schema_version": 1,
          "attributes": {
            "arn": "arn:aws:ec2:ap-southeast-1:654654575882:subnet/subnet-0ca16eae66958e3d4",
            "assign_ipv6_address_on_creation": false,
            "availability_zone": "ap-southeast-1c",
            "availability_zone_id": "apse1-az3",
            "cidr_block": "10.0.3.0/24",
            "customer_owned_ipv4_pool": "",
            "enable_dns64": false,
            "enable_lni_at_device_index": 0,
            "enable_resource_name_dns_a_record_on_launch": false,
            "enable_resource_name_dns_aaaa_record_on_launch": false,
            "id": "subnet-0ca16eae66958e3d4",
            "ipv6_cidr_block": "",
            "ipv6_cidr_block_association_id": "",
            "ipv6_native": false,
            "map_customer_owned_ip_on_launch": false,
            "map_public_ip_on_launch": true,
            "outpost_arn": "",
            "owner_id": "654654575882",
            "private_dns_hostname_type_on_launch": "ip-name",
            "tags": {
              "Name": "tf_public_subnet"
            },
            "tags_all": {
              "Name": "tf_public_subnet"
            },
            "timeouts": null,
            "vpc_id": "vpc-092a65cb7c89e4f0e"
          },
          "sensitive_attributes": [],
          "private": "eyJlMmJmYjczMC1lY2FhLTExZTYtOGY4OC0zNDM2M2JjN2M0YzAiOnsiY3JlYXRlIjo2MDAwMDAwMDAwMDAsImRlbGV0ZSI6MTIwMDAwMDAwMDAwMH0sInNjaGVtYV92ZXJzaW9uIjoiMSJ9",
          "dependencies": [
            "module.vpc.aws_vpc.tf_vpc",
            "module.vpc.data.aws_availability_zones.available"
          ]
        }
      ]
    },
    {
      "module": "module.vpc",
      "mode": "managed",
      "type": "aws_vpc",
      "name": "tf_vpc",
      "provider": "provider[\"registry.terraform.io/hashicorp/aws\"]",
      "instances": [
        {
          "schema_version": 1,
          "attributes": {
            "arn": "arn:aws:ec2:ap-southeast-1:654654575882:vpc/vpc-092a65cb7c89e4f0e",
            "assign_generated_ipv6_cidr_block": false,
            "cidr_block": "10.0.0.0/16",
            "default_network_acl_id": "acl-0ce391f50955fb131",
            "default_route_table_id": "rtb-0225feee488326ed3",
            "default_security_group_id": "sg-0798463025d87d738",
            "dhcp_options_id": "dopt-01e5ba8049d9a9574",
            "enable_dns_hostnames": true,
            "enable_dns_support": true,
            "enable_network_address_usage_metrics": false,
            "id": "vpc-092a65cb7c89e4f0e",
            "instance_tenancy": "default",
            "ipv4_ipam_pool_id": null,
            "ipv4_netmask_length": null,
            "ipv6_association_id": "",
            "ipv6_cidr_block": "",
            "ipv6_cidr_block_network_border_group": "",
            "ipv6_ipam_pool_id": "",
            "ipv6_netmask_length": 0,
            "main_route_table_id": "rtb-0225feee488326ed3",
            "owner_id": "654654575882",
            "tags": {
              "Name": "my_vpc"
            },
            "tags_all": {
              "Name": "my_vpc"
            }
          },
          "sensitive_attributes": [],
          "private": "eyJzY2hlbWFfdmVyc2lvbiI6IjEifQ=="
        }
      ]
    }
  ],
  "check_results": null
}
